
Microsoft Visual Studio Solution File, Format Version 12.00
# Visual Studio 2017
Project("{FAE04EC0-301F-11D3-BF4B-00C04F79EFBC}") = "Thermal_Camera", "Thermal_Camera.csproj", "{4D3483A8-38DE-D94A-072A-651205E8FADB}"
EndProject
Global
	GlobalSection(SolutionConfigurationPlatforms) = preSolution
		Debug|Any CPU = Debug|Any CPU
		Release|Any CPU = Release|Any CPU
	EndGlobalSection
	GlobalSection(ProjectConfigurationPlatforms) = postSolution
		{4D3483A8-38DE-D94A-072A-651205E8FADB}.Debug|Any CPU.ActiveCfg = Debug|Any CPU
		{4D3483A8-38DE-D94A-072A-651205E8FADB}.Debug|Any CPU.Build.0 = Debug|Any CPU
		{4D3483A8-38DE-D94A-072A-651205E8FADB}.Release|Any CPU.ActiveCfg = Release|Any CPU
		{4D3483A8-38DE-D94A-072A-651205E8FADB}.Release|Any CPU.Build.0 = Release|Any CPU
	EndGlobalSection
	GlobalSection(SolutionProperties) = preSolution
		HideSolutionNode = FALSE
	EndGlobalSection
EndGlobal
